// !$*UTF8*$!
{
	archiveVersion = 1;
	classes = {
	};
	objectVersion = 46;
	objects = {

/* Begin PBXBuildFile section */
		701537241DAB433200AE7A30 /* main.m in Sources */ = {isa = PBXBuildFile; fileRef = 701537231DAB433200AE7A30 /* main.m */; };
		701537271DAB433200AE7A30 /* AppDelegate.m in Sources */ = {isa = PBXBuildFile; fileRef = 701537261DAB433200AE7A30 /* AppDelegate.m */; };
		7015372A1DAB433200AE7A30 /* ViewController.m in Sources */ = {isa = PBXBuildFile; fileRef = 701537291DAB433200AE7A30 /* ViewController.m */; };
		7015372D1DAB433200AE7A30 /* Main.storyboard in Resources */ = {isa = PBXBuildFile; fileRef = 7015372B1DAB433200AE7A30 /* Main.storyboard */; };
		7015372F1DAB433200AE7A30 /* Assets.xcassets in Resources */ = {isa = PBXBuildFile; fileRef = 7015372E1DAB433200AE7A30 /* Assets.xcassets */; };
		701537321DAB433200AE7A30 /* LaunchScreen.storyboard in Resources */ = {isa = PBXBuildFile; fileRef = 701537301DAB433200AE7A30 /* LaunchScreen.storyboard */; };
		7015373D1DAB433200AE7A30 /* Photo_AlbumTests.m in Sources */ = {isa = PBXBuildFile; fileRef = 7015373C1DAB433200AE7A30 /* Photo_AlbumTests.m */; };
		701537481DAB433200AE7A30 /* Photo_AlbumUITests.m in Sources */ = {isa = PBXBuildFile; fileRef = 701537471DAB433200AE7A30 /* Photo_AlbumUITests.m */; };
		701537571DAB6C8600AE7A30 /* PhotoListViewController.m in Sources */ = {isa = PBXBuildFile; fileRef = 701537561DAB6C8600AE7A30 /* PhotoListViewController.m */; };
		7015375A1DAB6D2300AE7A30 /* SmallPhotoCell.m in Sources */ = {isa = PBXBuildFile; fileRef = 701537591DAB6D2300AE7A30 /* SmallPhotoCell.m */; };
		7015375D1DAB9E6700AE7A30 /* FYImagePickerViewController.m in Sources */ = {isa = PBXBuildFile; fileRef = 7015375C1DAB9E6700AE7A30 /* FYImagePickerViewController.m */; };
		70F8689E1DACEAEF00C949B0 /* PickerCell.m in Sources */ = {isa = PBXBuildFile; fileRef = 70F8689D1DACEAEF00C949B0 /* PickerCell.m */; };
		70F868A01DAD036C00C949B0 /* 对勾.png in Resources */ = {isa = PBXBuildFile; fileRef = 70F8689F1DAD036C00C949B0 /* 对勾.png */; };
/* End PBXBuildFile section */

/* Begin PBXContainerItemProxy section */
		701537391DAB433200AE7A30 /* PBXContainerItemProxy */ = {
			isa = PBXContainerItemProxy;
			containerPortal = 701537171DAB433200AE7A30 /* Project object */;
			proxyType = 1;
			remoteGlobalIDString = 7015371E1DAB433200AE7A30;
			remoteInfo = "Photo Album";
		};
		701537441DAB433200AE7A30 /* PBXContainerItemProxy */ = {
			isa = PBXContainerItemProxy;
			containerPortal = 701537171DAB433200AE7A30 /* Project object */;
			proxyType = 1;
			remoteGlobalIDString = 7015371E1DAB433200AE7A30;
			remoteInfo = "Photo Album";
		};
/* End PBXContainerItemProxy section */

/* Begin PBXFileReference section */
		7015371F1DAB433200AE7A30 /* Photo Album.app */ = {isa = PBXFileReference; explicitFileType = wrapper.application; includeInIndex = 0; path = "Photo Album.app"; sourceTree = BUILT_PRODUCTS_DIR; };
		701537231DAB433200AE7A30 /* main.m */ = {isa = PBXFileReference; lastKnownFileType = sourcecode.c.objc; path = main.m; sourceTree = "<group>"; };
		701537251DAB433200AE7A30 /* AppDelegate.h */ = {isa = PBXFileReference; lastKnownFileType = sourcecode.c.h; path = AppDelegate.h; sourceTree = "<group>"; };
		701537261DAB433200AE7A30 /* AppDelegate.m */ = {isa = PBXFileReference; lastKnownFileType = sourcecode.c.objc; path = AppDelegate.m; sourceTree = "<group>"; };
		701537281DAB433200AE7A30 /* ViewController.h */ = {isa = PBXFileReference; lastKnownFileType = sourcecode.c.h; path = ViewController.h; sourceTree = "<group>"; };
		701537291DAB433200AE7A30 /* ViewController.m */ = {isa = PBXFileReference; lastKnownFileType = sourcecode.c.objc; path = ViewController.m; sourceTree = "<group>"; };
		7015372C1DAB433200AE7A30 /* Base */ = {isa = PBXFileReference; lastKnownFileType = file.storyboard; name = Base; path = Base.lproj/Main.storyboard; sourceTree = "<group>"; };
		7015372E1DAB433200AE7A30 /* Assets.xcassets */ = {isa = PBXFileReference; lastKnownFileType = folder.assetcatalog; path = Assets.xcassets; sourceTree = "<group>"; };
		701537311DAB433200AE7A30 /* Base */ = {isa = PBXFileReference; lastKnownFileType = file.storyboard; name = Base; path = Base.lproj/LaunchScreen.storyboard; sourceTree = "<group>"; };
		701537331DAB433200AE7A30 /* Info.plist */ = {isa = PBXFileReference; lastKnownFileType = text.plist.xml; path = Info.plist; sourceTree = "<group>"; };
		701537381DAB433200AE7A30 /* Photo AlbumTests.xctest */ = {isa = PBXFileReference; explicitFileType = wrapper.cfbundle; includeInIndex = 0; path = "Photo AlbumTests.xctest"; sourceTree = BUILT_PRODUCTS_DIR; };
		7015373C1DAB433200AE7A30 /* Photo_AlbumTests.m */ = {isa = PBXFileReference; lastKnownFileType = sourcecode.c.objc; path = Photo_AlbumTests.m; sourceTree = "<group>"; };
		7015373E1DAB433200AE7A30 /* Info.plist */ = {isa = PBXFileReference; lastKnownFileType = text.plist.xml; path = Info.plist; sourceTree = "<group>"; };
		701537431DAB433200AE7A30 /* Photo AlbumUITests.xctest */ = {isa = PBXFileReference; explicitFileType = wrapper.cfbundle; includeInIndex = 0; path = "Photo AlbumUITests.xctest"; sourceTree = BUILT_PRODUCTS_DIR; };
		701537471DAB433200AE7A30 /* Photo_AlbumUITests.m */ = {isa = PBXFileReference; lastKnownFileType = sourcecode.c.objc; path = Photo_AlbumUITests.m; sourceTree = "<group>"; };
		701537491DAB433200AE7A30 /* Info.plist */ = {isa = PBXFileReference; lastKnownFileType = text.plist.xml; path = Info.plist; sourceTree = "<group>"; };
		701537551DAB6C8600AE7A30 /* PhotoListViewController.h */ = {isa = PBXFileReference; fileEncoding = 4; lastKnownFileType = sourcecode.c.h; path = PhotoListViewController.h; sourceTree = "<group>"; };
		701537561DAB6C8600AE7A30 /* PhotoListViewController.m */ = {isa = PBXFileReference; fileEncoding = 4; lastKnownFileType = sourcecode.c.objc; path = PhotoListViewController.m; sourceTree = "<group>"; };
		701537581DAB6D2300AE7A30 /* SmallPhotoCell.h */ = {isa = PBXFileReference; fileEncoding = 4; lastKnownFileType = sourcecode.c.h; path = SmallPhotoCell.h; sourceTree = "<group>"; };
		701537591DAB6D2300AE7A30 /* SmallPhotoCell.m */ = {isa = PBXFileReference; fileEncoding = 4; lastKnownFileType = sourcecode.c.objc; path = SmallPhotoCell.m; sourceTree = "<group>"; };
		7015375B1DAB9E6700AE7A30 /* FYImagePickerViewController.h */ = {isa = PBXFileReference; fileEncoding = 4; lastKnownFileType = sourcecode.c.h; path = FYImagePickerViewController.h; sourceTree = "<group>"; };
		7015375C1DAB9E6700AE7A30 /* FYImagePickerViewController.m */ = {isa = PBXFileReference; fileEncoding = 4; lastKnownFileType = sourcecode.c.objc; path = FYImagePickerViewController.m; sourceTree = "<group>"; };
		70F8689C1DACEAEF00C949B0 /* PickerCell.h */ = {isa = PBXFileReference; fileEncoding = 4; lastKnownFileType = sourcecode.c.h; path = PickerCell.h; sourceTree = "<group>"; };
		70F8689D1DACEAEF00C949B0 /* PickerCell.m */ = {isa = PBXFileReference; fileEncoding = 4; lastKnownFileType = sourcecode.c.objc; path = PickerCell.m; sourceTree = "<group>"; };
		70F8689F1DAD036C00C949B0 /* 对勾.png */ = {isa = PBXFileReference; lastKnownFileType = image.png; path = "对勾.png"; sourceTree = "<group>"; };
/* End PBXFileReference section */

/* Begin PBXFrameworksBuildPhase section */
		7015371C1DAB433200AE7A30 /* Frameworks */ = {
			isa = PBXFrameworksBuildPhase;
			buildActionMask = 2147483647;
			files = (
			);
			runOnlyForDeploymentPostprocessing = 0;
		};
		701537351DAB433200AE7A30 /* Frameworks */ = {
			isa = PBXFrameworksBuildPhase;
			buildActionMask = 2147483647;
			files = (
			);
			runOnlyForDeploymentPostprocessing = 0;
		};
		701537401DAB433200AE7A30 /* Frameworks */ = {
			isa = PBXFrameworksBuildPhase;
			buildActionMask = 2147483647;
			files = (
			);
			runOnlyForDeploymentPostprocessing = 0;
		};
/* End PBXFrameworksBuildPhase section */

/* Begin PBXGroup section */
		701537161DAB433200AE7A30 = {
			isa = PBXGroup;
			children = (
				701537211DAB433200AE7A30 /* Photo Album */,
				7015373B1DAB433200AE7A30 /* Photo AlbumTests */,
				701537461DAB433200AE7A30 /* Photo AlbumUITests */,
				701537201DAB433200AE7A30 /* Products */,
			);
			sourceTree = "<group>";
		};
		701537201DAB433200AE7A30 /* Products */ = {
			isa = PBXGroup;
			children = (
				7015371F1DAB433200AE7A30 /* Photo Album.app */,
				701537381DAB433200AE7A30 /* Photo AlbumTests.xctest */,
				701537431DAB433200AE7A30 /* Photo AlbumUITests.xctest */,
			);
			name = Products;
			sourceTree = "<group>";
		};
		701537211DAB433200AE7A30 /* Photo Album */ = {
			isa = PBXGroup;
			children = (
				701537251DAB433200AE7A30 /* AppDelegate.h */,
				701537261DAB433200AE7A30 /* AppDelegate.m */,
				701537281DAB433200AE7A30 /* ViewController.h */,
				701537291DAB433200AE7A30 /* ViewController.m */,
				701537551DAB6C8600AE7A30 /* PhotoListViewController.h */,
				701537561DAB6C8600AE7A30 /* PhotoListViewController.m */,
				701537581DAB6D2300AE7A30 /* SmallPhotoCell.h */,
				701537591DAB6D2300AE7A30 /* SmallPhotoCell.m */,
				7015375B1DAB9E6700AE7A30 /* FYImagePickerViewController.h */,
				7015375C1DAB9E6700AE7A30 /* FYImagePickerViewController.m */,
				70F8689C1DACEAEF00C949B0 /* PickerCell.h */,
				70F8689D1DACEAEF00C949B0 /* PickerCell.m */,
				7015372B1DAB433200AE7A30 /* Main.storyboard */,
				7015372E1DAB433200AE7A30 /* Assets.xcassets */,
				701537301DAB433200AE7A30 /* LaunchScreen.storyboard */,
				701537331DAB433200AE7A30 /* Info.plist */,
				70F8689F1DAD036C00C949B0 /* 对勾.png */,
				701537221DAB433200AE7A30 /* Supporting Files */,
			);
			path = "Photo Album";
			sourceTree = "<group>";
		};
		701537221DAB433200AE7A30 /* Supporting Files */ = {
			isa = PBXGroup;
			children = (
				701537231DAB433200AE7A30 /* main.m */,
			);
			name = "Supporting Files";
			sourceTree = "<group>";
		};
		7015373B1DAB433200AE7A30 /* Photo AlbumTests */ = {
			isa = PBXGroup;
			children = (
				7015373C1DAB433200AE7A30 /* Photo_AlbumTests.m */,
				7015373E1DAB433200AE7A30 /* Info.plist */,
			);
			path = "Photo AlbumTests";
			sourceTree = "<group>";
		};
		701537461DAB433200AE7A30 /* Photo AlbumUITests */ = {
			isa = PBXGroup;
			children = (
				701537471DAB433200AE7A30 /* Photo_AlbumUITests.m */,
				701537491DAB433200AE7A30 /* Info.plist */,
			);
			path = "Photo AlbumUITests";
			sourceTree = "<group>";
		};
/* End PBXGroup section */

/* Begin PBXNativeTarget section */
		7015371E1DAB433200AE7A30 /* Photo Album */ = {
			isa = PBXNativeTarget;
			buildConfigurationList = 7015374C1DAB433200AE7A30 /* Build configuration list for PBXNativeTarget "Photo Album" */;
			buildPhases = (
				7015371B1DAB433200AE7A30 /* Sources */,
				7015371C1DAB433200AE7A30 /* Frameworks */,
				7015371D1DAB433200AE7A30 /* Resources */,
			);
			buildRules = (
			);
			dependencies = (
			);
			name = "Photo Album";
			productName = "Photo Album";
			productReference = 7015371F1DAB433200AE7A30 /* Photo Album.app */;
			productType = "com.apple.product-type.application";
		};
		701537371DAB433200AE7A30 /* Photo AlbumTests */ = {
			isa = PBXNativeTarget;
			buildConfigurationList = 7015374F1DAB433200AE7A30 /* Build configuration list for PBXNativeTarget "Photo AlbumTests" */;
			buildPhases = (
				701537341DAB433200AE7A30 /* Sources */,
				701537351DAB433200AE7A30 /* Frameworks */,
				701537361DAB433200AE7A30 /* Resources */,
			);
			buildRules = (
			);
			dependencies = (
				7015373A1DAB433200AE7A30 /* PBXTargetDependency */,
			);
			name = "Photo AlbumTests";
			productName = "Photo AlbumTests";
			productReference = 701537381DAB433200AE7A30 /* Photo AlbumTests.xctest */;
			productType = "com.apple.product-type.bundle.unit-test";
		};
		701537421DAB433200AE7A30 /* Photo AlbumUITests */ = {
			isa = PBXNativeTarget;
			buildConfigurationList = 701537521DAB433200AE7A30 /* Build configuration list for PBXNativeTarget "Photo AlbumUITests" */;
			buildPhases = (
				7015373F1DAB433200AE7A30 /* Sources */,
				701537401DAB433200AE7A30 /* Frameworks */,
				701537411DAB433200AE7A30 /* Resources */,
			);
			buildRules = (
			);
			dependencies = (
				701537451DAB433200AE7A30 /* PBXTargetDependency */,
			);
			name = "Photo AlbumUITests";
			productName = "Photo AlbumUITests";
			productReference = 701537431DAB433200AE7A30 /* Photo AlbumUITests.xctest */;
			productType = "com.apple.product-type.bundle.ui-testing";
		};
/* End PBXNativeTarget section */

/* Begin PBXProject section */
		701537171DAB433200AE7A30 /* Project object */ = {
			isa = PBXProject;
			attributes = {
				LastUpgradeCheck = 0800;
				ORGANIZATIONNAME = "xinyue-0";
				TargetAttributes = {
					7015371E1DAB433200AE7A30 = {
						CreatedOnToolsVersion = 8.0;
						ProvisioningStyle = Automatic;
					};
					701537371DAB433200AE7A30 = {
						CreatedOnToolsVersion = 8.0;
						ProvisioningStyle = Automatic;
						TestTargetID = 7015371E1DAB433200AE7A30;
					};
					701537421DAB433200AE7A30 = {
						CreatedOnToolsVersion = 8.0;
						ProvisioningStyle = Automatic;
						TestTargetID = 7015371E1DAB433200AE7A30;
					};
				};
			};
			buildConfigurationList = 7015371A1DAB433200AE7A30 /* Build configuration list for PBXProject "Photo Album" */;
			compatibilityVersion = "Xcode 3.2";
			developmentRegion = English;
			hasScannedForEncodings = 0;
			knownRegions = (
				en,
				Base,
			);
			mainGroup = 701537161DAB433200AE7A30;
			productRefGroup = 701537201DAB433200AE7A30 /* Products */;
			projectDirPath = "";
			projectRoot = "";
			targets = (
				7015371E1DAB433200AE7A30 /* Photo Album */,
				701537371DAB433200AE7A30 /* Photo AlbumTests */,
				701537421DAB433200AE7A30 /* Photo AlbumUITests */,
			);
		};
/* End PBXProject section */

/* Begin PBXResourcesBuildPhase section */
		7015371D1DAB433200AE7A30 /* Resources */ = {
			isa = PBXResourcesBuildPhase;
			buildActionMask = 2147483647;
			files = (
				70F868A01DAD036C00C949B0 /* 对勾.png in Resources */,
				701537321DAB433200AE7A30 /* LaunchScreen.storyboard in Resources */,
				7015372F1DAB433200AE7A30 /* Assets.xcassets in Resources */,
				7015372D1DAB433200AE7A30 /* Main.storyboard in Resources */,
			);
			runOnlyForDeploymentPostprocessing = 0;
		};
		701537361DAB433200AE7A30 /* Resources */ = {
			isa = PBXResourcesBuildPhase;
			buildActionMask = 2147483647;
			files = (
			);
			runOnlyForDeploymentPostprocessing = 0;
		};
		701537411DAB433200AE7A30 /* Resources */ = {
			isa = PBXResourcesBuildPhase;
			buildActionMask = 2147483647;
			files = (
			);
			runOnlyForDeploymentPostprocessing = 0;
		};
/* End PBXResourcesBuildPhase section */

/* Begin PBXSourcesBuildPhase section */
		7015371B1DAB433200AE7A30 /* Sources */ = {
			isa = PBXSourcesBuildPhase;
			buildActionMask = 2147483647;
			files = (
				7015372A1DAB433200AE7A30 /* ViewController.m in Sources */,
				701537571DAB6C8600AE7A30 /* PhotoListViewController.m in Sources */,
				7015375A1DAB6D2300AE7A30 /* SmallPhotoCell.m in Sources */,
				701537271DAB433200AE7A30 /* AppDelegate.m in Sources */,
				701537241DAB433200AE7A30 /* main.m in Sources */,
				7015375D1DAB9E6700AE7A30 /* FYImagePickerViewController.m in Sources */,
				70F8689E1DACEAEF00C949B0 /* PickerCell.m in Sources */,
			);
			runOnlyForDeploymentPostprocessing = 0;
		};
		701537341DAB433200AE7A30 /* Sources */ = {
			isa = PBXSourcesBuildPhase;
			buildActionMask = 2147483647;
			files = (
				7015373D1DAB433200AE7A30 /* Photo_AlbumTests.m in Sources */,
			);
			runOnlyForDeploymentPostprocessing = 0;
		};
		7015373F1DAB433200AE7A30 /* Sources */ = {
			isa = PBXSourcesBuildPhase;
			buildActionMask = 2147483647;
			files = (
				701537481DAB433200AE7A30 /* Photo_AlbumUITests.m in Sources */,
			);
			runOnlyForDeploymentPostprocessing = 0;
		};
/* End PBXSourcesBuildPhase section */

/* Begin PBXTargetDependency section */
		7015373A1DAB433200AE7A30 /* PBXTargetDependency */ = {
			isa = PBXTargetDependency;
			target = 7015371E1DAB433200AE7A30 /* Photo Album */;
			targetProxy = 701537391DAB433200AE7A30 /* PBXContainerItemProxy */;
		};
		701537451DAB433200AE7A30 /* PBXTargetDependency */ = {
			isa = PBXTargetDependency;
			target = 7015371E1DAB433200AE7A30 /* Photo Album */;
			targetProxy = 701537441DAB433200AE7A30 /* PBXContainerItemProxy */;
		};
/* End PBXTargetDependency section */

/* Begin PBXVariantGroup section */
		7015372B1DAB433200AE7A30 /* Main.storyboard */ = {
			isa = PBXVariantGroup;
			children = (
				7015372C1DAB433200AE7A30 /* Base */,
			);
			name = Main.storyboard;
			sourceTree = "<group>";
		};
		701537301DAB433200AE7A30 /* LaunchScreen.storyboard */ = {
			isa = PBXVariantGroup;
			children = (
				701537311DAB433200AE7A30 /* Base */,
			);
			name = LaunchScreen.storyboard;
			sourceTree = "<group>";
		};
/* End PBXVariantGroup section */

/* Begin XCBuildConfiguration section */
		7015374A1DAB433200AE7A30 /* Debug */ = {
			isa = XCBuildConfiguration;
			buildSettings = {
				ALWAYS_SEARCH_USER_PATHS = NO;
				CLANG_ANALYZER_NONNULL = YES;
				CLANG_CXX_LANGUAGE_STANDARD = "gnu++0x";
				CLANG_CXX_LIBRARY = "libc++";
				CLANG_ENABLE_MODULES = YES;
				CLANG_ENABLE_OBJC_ARC = YES;
				CLANG_WARN_BOOL_CONVERSION = YES;
				CLANG_WARN_CONSTANT_CONVERSION = YES;
				CLANG_WARN_DIRECT_OBJC_ISA_USAGE = YES_ERROR;
				CLANG_WARN_DOCUMENTATION_COMMENTS = YES;
				CLANG_WARN_EMPTY_BODY = YES;
				CLANG_WARN_ENUM_CONVERSION = YES;
				CLANG_WARN_INFINITE_RECURSION = YES;
				CLANG_WARN_INT_CONVERSION = YES;
				CLANG_WARN_OBJC_ROOT_CLASS = YES_ERROR;
				CLANG_WARN_SUSPICIOUS_MOVES = YES;
				CLANG_WARN_UNREACHABLE_CODE = YES;
				CLANG_WARN__DUPLICATE_METHOD_MATCH = YES;
				"CODE_SIGN_IDENTITY[sdk=iphoneos*]" = "iPhone Developer";
				COPY_PHASE_STRIP = NO;
				DEBUG_INFORMATION_FORMAT = dwarf;
				ENABLE_STRICT_OBJC_MSGSEND = YES;
				ENABLE_TESTABILITY = YES;
				GCC_C_LANGUAGE_STANDARD = gnu99;
				GCC_DYNAMIC_NO_PIC = NO;
				GCC_NO_COMMON_BLOCKS = YES;
				GCC_OPTIMIZATION_LEVEL = 0;
				GCC_PREPROCESSOR_DEFINITIONS = (
					"DEBUG=1",
					"$(inherited)",
				);
				GCC_WARN_64_TO_32_BIT_CONVERSION = YES;
				GCC_WARN_ABOUT_RETURN_TYPE = YES_ERROR;
				GCC_WARN_UNDECLARED_SELECTOR = YES;
				GCC_WARN_UNINITIALIZED_AUTOS = YES_AGGRESSIVE;
				GCC_WARN_UNUSED_FUNCTION = YES;
				GCC_WARN_UNUSED_VARIABLE = YES;
				IPHONEOS_DEPLOYMENT_TARGET = 10.0;
				MTL_ENABLE_DEBUG_INFO = YES;
				ONLY_ACTIVE_ARCH = YES;
				SDKROOT = iphoneos;
				TARGETED_DEVICE_FAMILY = "1,2";
			};
			name = Debug;
		};
		7015374B1DAB433200AE7A30 /* Release */ = {
			isa = XCBuildConfiguration;
			buildSettings = {
				ALWAYS_SEARCH_USER_PATHS = NO;
				CLANG_ANALYZER_NONNULL = YES;
				CLANG_CXX_LANGUAGE_STANDARD = "gnu++0x";
				CLANG_CXX_LIBRARY = "libc++";
				CLANG_ENABLE_MODULES = YES;
				CLANG_ENABLE_OBJC_ARC = YES;
				CLANG_WARN_BOOL_CONVERSION = YES;
				CLANG_WARN_CONSTANT_CONVERSION = YES;
				CLANG_WARN_DIRECT_OBJC_ISA_USAGE = YES_ERROR;
				CLANG_WARN_DOCUMENTATION_COMMENTS = YES;
				CLANG_WARN_EMPTY_BODY = YES;
				CLANG_WARN_ENUM_CONVERSION = YES;
				CLANG_WARN_INFINITE_RECURSION = YES;
				CLANG_WARN_INT_CONVERSION = YES;
				CLANG_WARN_OBJC_ROOT_CLASS = YES_ERROR;
				CLANG_WARN_SUSPICIOUS_MOVES = YES;
				CLANG_WARN_UNREACHABLE_CODE = YES;
				CLANG_WARN__DUPLICATE_METHOD_MATCH = YES;
				"CODE_SIGN_IDENTITY[sdk=iphoneos*]" = "iPhone Developer";
				COPY_PHASE_STRIP = NO;
				DEBUG_INFORMATION_FORMAT = "dwarf-with-dsym";
				ENABLE_NS_ASSERTIONS = NO;
				ENABLE_STRICT_OBJC_MSGSEND = YES;
				GCC_C_LANGUAGE_STANDARD = gnu99;
				GCC_NO_COMMON_BLOCKS = YES;
				GCC_WARN_64_TO_32_BIT_CONVERSION = YES;
				GCC_WARN_ABOUT_RETURN_TYPE = YES_ERROR;
				GCC_WARN_UNDECLARED_SELECTOR = YES;
				GCC_WARN_UNINITIALIZED_AUTOS = YES_AGGRESSIVE;
				GCC_WARN_UNUSED_FUNCTION = YES;
				GCC_WARN_UNUSED_VARIABLE = YES;
				IPHONEOS_DEPLOYMENT_TARGET = 10.0;
				MTL_ENABLE_DEBUG_INFO = NO;
				SDKROOT = iphoneos;
				TARGETED_DEVICE_FAMILY = "1,2";
				VALIDATE_PRODUCT = YES;
			};
			name = Release;
		};
		7015374D1DAB433200AE7A30 /* Debug */ = {
			isa = XCBuildConfiguration;
			buildSettings = {
				ASSETCATALOG_COMPILER_APPICON_NAME = AppIcon;
				INFOPLIST_FILE = "Photo Album/Info.plist";
				LD_RUNPATH_SEARCH_PATHS = "$(inherited) @executable_path/Frameworks";
				PRODUCT_BUNDLE_IDENTIFIER = "com.fy.Photo-Album";
				PRODUCT_NAME = "$(TARGET_NAME)";
			};
			name = Debug;
		};
		7015374E1DAB433200AE7A30 /* Release */ = {
			isa = XCBuildConfiguration;
			buildSettings = {
				ASSETCATALOG_COMPILER_APPICON_NAME = AppIcon;
				INFOPLIST_FILE = "Photo Album/Info.plist";
				LD_RUNPATH_SEARCH_PATHS = "$(inherited) @executable_path/Frameworks";
				PRODUCT_BUNDLE_IDENTIFIER = "com.fy.Photo-Album";
				PRODUCT_NAME = "$(TARGET_NAME)";
			};
			name = Release;
		};
		701537501DAB433200AE7A30 /* Debug */ = {
			isa = XCBuildConfiguration;
			buildSettings = {
				BUNDLE_LOADER = "$(TEST_HOST)";
				INFOPLIST_FILE = "Photo AlbumTests/Info.plist";
				LD_RUNPATH_SEARCH_PATHS = "$(inherited) @executable_path/Frameworks @loader_path/Frameworks";
				PRODUCT_BUNDLE_IDENTIFIER = "com.fy.Photo-AlbumTests";
				PRODUCT_NAME = "$(TARGET_NAME)";
				TEST_HOST = "$(BUILT_PRODUCTS_DIR)/Photo Album.app/Photo Album";
			};
			name = Debug;
		};
		701537511DAB433200AE7A30 /* Release */ = {
			isa = XCBuildConfiguration;
			buildSettings = {
				BUNDLE_LOADER = "$(TEST_HOST)";
				INFOPLIST_FILE = "Photo AlbumTests/Info.plist";
				LD_RUNPATH_SEARCH_PATHS = "$(inherited) @executable_path/Frameworks @loader_path/Frameworks";
				PRODUCT_BUNDLE_IDENTIFIER = "com.fy.Photo-AlbumTests";
				PRODUCT_NAME = "$(TARGET_NAME)";
				TEST_HOST = "$(BUILT_PRODUCTS_DIR)/Photo Album.app/Photo Album";
			};
			name = Release;
		};
		701537531DAB433200AE7A30 /* Debug */ = {
			isa = XCBuildConfiguration;
			buildSettings = {
				INFOPLIST_FILE = "Photo AlbumUITests/Info.plist";
				LD_RUNPATH_SEARCH_PATHS = "$(inherited) @executable_path/Frameworks @loader_path/Frameworks";
				PRODUCT_BUNDLE_IDENTIFIER = "com.fy.Photo-AlbumUITests";
				PRODUCT_NAME = "$(TARGET_NAME)";
				TEST_TARGET_NAME = "Photo Album";
			};
			name = Debug;
		};
		701537541DAB433200AE7A30 /* Release */ = {
			isa = XCBuildConfiguration;
			buildSettings = {
				INFOPLIST_FILE = "Photo AlbumUITests/Info.plist";
				LD_RUNPATH_SEARCH_PATHS = "$(inherited) @executable_path/Frameworks @loader_path/Frameworks";
				PRODUCT_BUNDLE_IDENTIFIER = "com.fy.Photo-AlbumUITests";
				PRODUCT_NAME = "$(TARGET_NAME)";
				TEST_TARGET_NAME = "Photo Album";
			};
			name = Release;
		};
/* End XCBuildConfiguration section */

/* Begin XCConfigurationList section */
		7015371A1DAB433200AE7A30 /* Build configuration list for PBXProject "Photo Album" */ = {
			isa = XCConfigurationList;
			buildConfigurations = (
				7015374A1DAB433200AE7A30 /* Debug */,
				7015374B1DAB433200AE7A30 /* Release */,
			);
			defaultConfigurationIsVisible = 0;
			defaultConfigurationName = Release;
		};
		7015374C1DAB433200AE7A30 /* Build configuration list for PBXNativeTarget "Photo Album" */ = {
			isa = XCConfigurationList;
			buildConfigurations = (
				7015374D1DAB433200AE7A30 /* Debug */,
				7015374E1DAB433200AE7A30 /* Release */,
			);
			defaultConfigurationIsVisible = 0;
			defaultConfigurationName = Release;
		};
		7015374F1DAB433200AE7A30 /* Build configuration list for PBXNativeTarget "Photo AlbumTests" */ = {
			isa = XCConfigurationList;
			buildConfigurations = (
				701537501DAB433200AE7A30 /* Debug */,
				701537511DAB433200AE7A30 /* Release */,
			);
			defaultConfigurationIsVisible = 0;
			defaultConfigurationName = Release;
		};
		701537521DAB433200AE7A30 /* Build configuration list for PBXNativeTarget "Photo AlbumUITests" */ = {
			isa = XCConfigurationList;
			buildConfigurations = (
				701537531DAB433200AE7A30 /* Debug */,
				701537541DAB433200AE7A30 /* Release */,
			);
			defaultConfigurationIsVisible = 0;
			defaultConfigurationName = Release;
		};
/* End XCConfigurationList section */
	};
	rootObject = 701537171DAB433200AE7A30 /* Project object */;
}
